
Microsoft Visual Studio Solution File, Format Version 12.00
# Visual Studio Version 16
VisualStudioVersion = 16.0.29209.152
MinimumVisualStudioVersion = 10.0.40219.1
Project("{FAE04EC0-301F-11D3-BF4B-00C04F79EFBC}") = "SnakeGame", "SnakeGame\SnakeGame.csproj", "{868EC833-AF78-402F-9E7B-ACA5E6AA5EBC}"
EndProject
Global
	GlobalSection(SolutionConfigurationPlatforms) = preSolution
		Debug|Any CPU = Debug|Any CPU
		Release|Any CPU = Release|Any CPU
	EndGlobalSection
	GlobalSection(ProjectConfigurationPlatforms) = postSolution
		{868EC833-AF78-402F-9E7B-ACA5E6AA5EBC}.Debug|Any CPU.ActiveCfg = Debug|Any CPU
		{868EC833-AF78-402F-9E7B-ACA5E6AA5EBC}.Debug|Any CPU.Build.0 = Debug|Any CPU
		{868EC833-AF78-402F-9E7B-ACA5E6AA5EBC}.Release|Any CPU.ActiveCfg = Release|Any CPU
		{868EC833-AF78-402F-9E7B-ACA5E6AA5EBC}.Release|Any CPU.Build.0 = Release|Any CPU
	EndGlobalSection
	GlobalSection(SolutionProperties) = preSolution
		HideSolutionNode = FALSE
	EndGlobalSection
	GlobalSection(ExtensibilityGlobals) = postSolution
		SolutionGuid = {6C5C95F4-0E2D-4ED5-B0D6-54F0778DFE14}
	EndGlobalSection
EndGlobal
